// !$*UTF8*$!
{
	archiveVersion = 1;
	classes = {
	};
	objectVersion = 46;
	objects = {

/* Begin PBXBuildFile section */
		BD02064519EC64B3005ACDD0 /* CFNetwork.framework in Frameworks */ = {isa = PBXBuildFile; fileRef = BD02064419EC64B3005ACDD0 /* CFNetwork.framework */; };
		BD02064719EC64BB005ACDD0 /* Security.framework in Frameworks */ = {isa = PBXBuildFile; fileRef = BD02064619EC64BB005ACDD0 /* Security.framework */; };
		BD02064919EC64C9005ACDD0 /* SystemConfiguration.framework in Frameworks */ = {isa = PBXBuildFile; fileRef = BD02064819EC64C9005ACDD0 /* SystemConfiguration.framework */; };
		BD02064B19EC64D2005ACDD0 /* QuartzCore.framework in Frameworks */ = {isa = PBXBuildFile; fileRef = BD02064A19EC64D2005ACDD0 /* QuartzCore.framework */; };
		BD02064D19EC64E4005ACDD0 /* libc++.dylib in Frameworks */ = {isa = PBXBuildFile; fileRef = BD02064C19EC64E4005ACDD0 /* libc++.dylib */; };
		BD02064F19EC64ED005ACDD0 /* libz.dylib in Frameworks */ = {isa = PBXBuildFile; fileRef = BD02064E19EC64ED005ACDD0 /* libz.dylib */; };
		BD08A18B19A26BE400EE1B97 /* Foundation.framework in Frameworks */ = {isa = PBXBuildFile; fileRef = BD08A18A19A26BE400EE1B97 /* Foundation.framework */; };
		BD08A18D19A26BE400EE1B97 /* CoreGraphics.framework in Frameworks */ = {isa = PBXBuildFile; fileRef = BD08A18C19A26BE400EE1B97 /* CoreGraphics.framework */; };
		BD08A18F19A26BE400EE1B97 /* UIKit.framework in Frameworks */ = {isa = PBXBuildFile; fileRef = BD08A18E19A26BE400EE1B97 /* UIKit.framework */; };
		BD08A19519A26BE400EE1B97 /* InfoPlist.strings in Resources */ = {isa = PBXBuildFile; fileRef = BD08A19319A26BE400EE1B97 /* InfoPlist.strings */; };
		BD08A19719A26BE400EE1B97 /* main.m in Sources */ = {isa = PBXBuildFile; fileRef = BD08A19619A26BE400EE1B97 /* main.m */; };
		BD08A19B19A26BE400EE1B97 /* AppDelegate.m in Sources */ = {isa = PBXBuildFile; fileRef = BD08A19A19A26BE400EE1B97 /* AppDelegate.m */; };
		BD08A19E19A26BE400EE1B97 /* Main.storyboard in Resources */ = {isa = PBXBuildFile; fileRef = BD08A19C19A26BE400EE1B97 /* Main.storyboard */; };
		BD08A1A119A26BE400EE1B97 /* MapController.m in Sources */ = {isa = PBXBuildFile; fileRef = BD08A1A019A26BE400EE1B97 /* MapController.m */; };
		BD08A1A619A26BE400EE1B97 /* Images.xcassets in Resources */ = {isa = PBXBuildFile; fileRef = BD08A1A519A26BE400EE1B97 /* Images.xcassets */; };
		BD08A1AD19A26BE400EE1B97 /* XCTest.framework in Frameworks */ = {isa = PBXBuildFile; fileRef = BD08A1AC19A26BE400EE1B97 /* XCTest.framework */; };
		BD08A1AE19A26BE400EE1B97 /* Foundation.framework in Frameworks */ = {isa = PBXBuildFile; fileRef = BD08A18A19A26BE400EE1B97 /* Foundation.framework */; };
		BD08A1AF19A26BE400EE1B97 /* UIKit.framework in Frameworks */ = {isa = PBXBuildFile; fileRef = BD08A18E19A26BE400EE1B97 /* UIKit.framework */; };
		BD08A1B719A26BE400EE1B97 /* InfoPlist.strings in Resources */ = {isa = PBXBuildFile; fileRef = BD08A1B519A26BE400EE1B97 /* InfoPlist.strings */; };
		BD08A1B919A26BE400EE1B97 /* Science_JournalTests.m in Sources */ = {isa = PBXBuildFile; fileRef = BD08A1B819A26BE400EE1B97 /* Science_JournalTests.m */; };
		BD3FB96919A278DE002496CE /* ExportController.m in Sources */ = {isa = PBXBuildFile; fileRef = BD3FB96819A278DE002496CE /* ExportController.m */; };
		BD3FB96C19A278F1002496CE /* SettingsController.m in Sources */ = {isa = PBXBuildFile; fileRef = BD3FB96B19A278F1002496CE /* SettingsController.m */; };
		BD3FB97019A2C314002496CE /* MapKit.framework in Frameworks */ = {isa = PBXBuildFile; fileRef = BD3FB96F19A2C314002496CE /* MapKit.framework */; };
		BD3FB97F19A2D5EA002496CE /* EntryController.m in Sources */ = {isa = PBXBuildFile; fileRef = BD3FB97E19A2D5EA002496CE /* EntryController.m */; };
		BD4BFF0619ABC92600242844 /* UserEntryDatabase.m in Sources */ = {isa = PBXBuildFile; fileRef = BD4BFF0519ABC92600242844 /* UserEntryDatabase.m */; };
		BD4BFF0919ABC9B300242844 /* Entry.m in Sources */ = {isa = PBXBuildFile; fileRef = BD4BFF0819ABC9B300242844 /* Entry.m */; };
		BD4BFF0C19AFCC9900242844 /* MyLocation.m in Sources */ = {isa = PBXBuildFile; fileRef = BD4BFF0B19AFCC9900242844 /* MyLocation.m */; };
		BD4C60A91A78702300BE192F /* entriesdb.sql in Resources */ = {isa = PBXBuildFile; fileRef = BD4C60A81A78702300BE192F /* entriesdb.sql */; };
		BD5C6E6619B681D100342E4B /* CoreLocation.framework in Frameworks */ = {isa = PBXBuildFile; fileRef = BD5C6E6519B681D100342E4B /* CoreLocation.framework */; };
		BD5C6E6919B7848E00342E4B /* SketchController.m in Sources */ = {isa = PBXBuildFile; fileRef = BD5C6E6819B7848E00342E4B /* SketchController.m */; };
		BD5FD9CF1A4A07FC003CC565 /* AddEntryController.m in Sources */ = {isa = PBXBuildFile; fileRef = BD5FD9CE1A4A07FC003CC565 /* AddEntryController.m */; };
		BD5FD9D21A4BA2F5003CC565 /* datepickerController.m in Sources */ = {isa = PBXBuildFile; fileRef = BD5FD9D11A4BA2F5003CC565 /* datepickerController.m */; };
		BD5FD9D51A4BBA9B003CC565 /* textEntryController.m in Sources */ = {isa = PBXBuildFile; fileRef = BD5FD9D41A4BBA9B003CC565 /* textEntryController.m */; };
		BD76F5CA19B5001D000A1349 /* MobileCoreServices.framework in Frameworks */ = {isa = PBXBuildFile; fileRef = BD76F5C919B5001D000A1349 /* MobileCoreServices.framework */; };
		BD7D733C19A3E1850034E504 /* EntriesController.m in Sources */ = {isa = PBXBuildFile; fileRef = BD7D733B19A3E1850034E504 /* EntriesController.m */; };
		BD7D733F19A3E1E30034E504 /* EntriesCell.m in Sources */ = {isa = PBXBuildFile; fileRef = BD7D733E19A3E1E30034E504 /* EntriesCell.m */; };
		BD7D734219A3ED1D0034E504 /* SingleEntryViewController.m in Sources */ = {isa = PBXBuildFile; fileRef = BD7D734119A3ED1D0034E504 /* SingleEntryViewController.m */; };
		BD91990C1A573410006E48E1 /* CameraController.m in Sources */ = {isa = PBXBuildFile; fileRef = BD91990B1A573410006E48E1 /* CameraController.m */; };
		BDA0A73F1A00863100B421FB /* Dropbox.framework in Frameworks */ = {isa = PBXBuildFile; fileRef = BDA0A73E1A00863100B421FB /* Dropbox.framework */; };
		BDBEB5451A607F5C00780EC2 /* MagneticDecController.m in Sources */ = {isa = PBXBuildFile; fileRef = BDBEB5441A607F5C00780EC2 /* MagneticDecController.m */; };
		BDC8358A1A674E46000B60BD /* libsqlite3.dylib in Frameworks */ = {isa = PBXBuildFile; fileRef = BDC835891A674E46000B60BD /* libsqlite3.dylib */; };
		BDC8358D1A675108000B60BD /* DBManager.m in Sources */ = {isa = PBXBuildFile; fileRef = BDC8358C1A675108000B60BD /* DBManager.m */; };
		BDD74CB81A64CFC100635CBA /* TablesViewController.m in Sources */ = {isa = PBXBuildFile; fileRef = BDD74CB71A64CFC100635CBA /* TablesViewController.m */; };
		BDE248A41A4DEEA500B1F97D /* LocationAndWeatherController.m in Sources */ = {isa = PBXBuildFile; fileRef = BDE248A31A4DEEA500B1F97D /* LocationAndWeatherController.m */; };
		BDE8CCC61A44B3BD0013CAB9 /* DropboxSDK.framework in Frameworks */ = {isa = PBXBuildFile; fileRef = BDE8CCC51A44B3BD0013CAB9 /* DropboxSDK.framework */; };
		BDFF53BE1A4226C10054B4FA /* MessageUI.framework in Frameworks */ = {isa = PBXBuildFile; fileRef = BDFF53BD1A4226C10054B4FA /* MessageUI.framework */; };
/* End PBXBuildFile section */

/* Begin PBXContainerItemProxy section */
		BD08A1B019A26BE400EE1B97 /* PBXContainerItemProxy */ = {
			isa = PBXContainerItemProxy;
			containerPortal = BD08A17F19A26BE300EE1B97 /* Project object */;
			proxyType = 1;
			remoteGlobalIDString = BD08A18619A26BE300EE1B97;
			remoteInfo = "Science Journal";
		};
/* End PBXContainerItemProxy section */

/* Begin PBXFileReference section */
		BD02064219EC647C005ACDD0 /* Dropbox.framework */ = {isa = PBXFileReference; lastKnownFileType = wrapper.framework; path = Dropbox.framework; sourceTree = "<group>"; };
		BD02064419EC64B3005ACDD0 /* CFNetwork.framework */ = {isa = PBXFileReference; lastKnownFileType = wrapper.framework; name = CFNetwork.framework; path = System/Library/Frameworks/CFNetwork.framework; sourceTree = SDKROOT; };
		BD02064619EC64BB005ACDD0 /* Security.framework */ = {isa = PBXFileReference; lastKnownFileType = wrapper.framework; name = Security.framework; path = System/Library/Frameworks/Security.framework; sourceTree = SDKROOT; };
		BD02064819EC64C9005ACDD0 /* SystemConfiguration.framework */ = {isa = PBXFileReference; lastKnownFileType = wrapper.framework; name = SystemConfiguration.framework; path = System/Library/Frameworks/SystemConfiguration.framework; sourceTree = SDKROOT; };
		BD02064A19EC64D2005ACDD0 /* QuartzCore.framework */ = {isa = PBXFileReference; lastKnownFileType = wrapper.framework; name = QuartzCore.framework; path = System/Library/Frameworks/QuartzCore.framework; sourceTree = SDKROOT; };
		BD02064C19EC64E4005ACDD0 /* libc++.dylib */ = {isa = PBXFileReference; lastKnownFileType = "compiled.mach-o.dylib"; name = "libc++.dylib"; path = "usr/lib/libc++.dylib"; sourceTree = SDKROOT; };
		BD02064E19EC64ED005ACDD0 /* libz.dylib */ = {isa = PBXFileReference; lastKnownFileType = "compiled.mach-o.dylib"; name = libz.dylib; path = usr/lib/libz.dylib; sourceTree = SDKROOT; };
		BD08A18719A26BE400EE1B97 /* Science Journal.app */ = {isa = PBXFileReference; explicitFileType = wrapper.application; includeInIndex = 0; path = "Science Journal.app"; sourceTree = BUILT_PRODUCTS_DIR; };
		BD08A18A19A26BE400EE1B97 /* Foundation.framework */ = {isa = PBXFileReference; lastKnownFileType = wrapper.framework; name = Foundation.framework; path = System/Library/Frameworks/Foundation.framework; sourceTree = SDKROOT; };
		BD08A18C19A26BE400EE1B97 /* CoreGraphics.framework */ = {isa = PBXFileReference; lastKnownFileType = wrapper.framework; name = CoreGraphics.framework; path = System/Library/Frameworks/CoreGraphics.framework; sourceTree = SDKROOT; };
		BD08A18E19A26BE400EE1B97 /* UIKit.framework */ = {isa = PBXFileReference; lastKnownFileType = wrapper.framework; name = UIKit.framework; path = System/Library/Frameworks/UIKit.framework; sourceTree = SDKROOT; };
		BD08A19219A26BE400EE1B97 /* Science Journal-Info.plist */ = {isa = PBXFileReference; lastKnownFileType = text.plist.xml; path = "Science Journal-Info.plist"; sourceTree = "<group>"; };
		BD08A19419A26BE400EE1B97 /* en */ = {isa = PBXFileReference; lastKnownFileType = text.plist.strings; name = en; path = en.lproj/InfoPlist.strings; sourceTree = "<group>"; };
		BD08A19619A26BE400EE1B97 /* main.m */ = {isa = PBXFileReference; lastKnownFileType = sourcecode.c.objc; path = main.m; sourceTree = "<group>"; };
		BD08A19819A26BE400EE1B97 /* Science Journal-Prefix.pch */ = {isa = PBXFileReference; lastKnownFileType = sourcecode.c.h; path = "Science Journal-Prefix.pch"; sourceTree = "<group>"; };
		BD08A19919A26BE400EE1B97 /* AppDelegate.h */ = {isa = PBXFileReference; lastKnownFileType = sourcecode.c.h; path = AppDelegate.h; sourceTree = "<group>"; };
		BD08A19A19A26BE400EE1B97 /* AppDelegate.m */ = {isa = PBXFileReference; lastKnownFileType = sourcecode.c.objc; path = AppDelegate.m; sourceTree = "<group>"; };
		BD08A19D19A26BE400EE1B97 /* Base */ = {isa = PBXFileReference; lastKnownFileType = file.storyboard; name = Base; path = Base.lproj/Main.storyboard; sourceTree = "<group>"; };
		BD08A19F19A26BE400EE1B97 /* MapController.h */ = {isa = PBXFileReference; lastKnownFileType = sourcecode.c.h; path = MapController.h; sourceTree = "<group>"; };
		BD08A1A019A26BE400EE1B97 /* MapController.m */ = {isa = PBXFileReference; lastKnownFileType = sourcecode.c.objc; path = MapController.m; sourceTree = "<group>"; };
		BD08A1A519A26BE400EE1B97 /* Images.xcassets */ = {isa = PBXFileReference; lastKnownFileType = folder.assetcatalog; path = Images.xcassets; sourceTree = "<group>"; };
		BD08A1AB19A26BE400EE1B97 /* Science JournalTests.xctest */ = {isa = PBXFileReference; explicitFileType = wrapper.cfbundle; includeInIndex = 0; path = "Science JournalTests.xctest"; sourceTree = BUILT_PRODUCTS_DIR; };
		BD08A1AC19A26BE400EE1B97 /* XCTest.framework */ = {isa = PBXFileReference; lastKnownFileType = wrapper.framework; name = XCTest.framework; path = Library/Frameworks/XCTest.framework; sourceTree = DEVELOPER_DIR; };
		BD08A1B419A26BE400EE1B97 /* Science JournalTests-Info.plist */ = {isa = PBXFileReference; lastKnownFileType = text.plist.xml; path = "Science JournalTests-Info.plist"; sourceTree = "<group>"; };
		BD08A1B619A26BE400EE1B97 /* en */ = {isa = PBXFileReference; lastKnownFileType = text.plist.strings; name = en; path = en.lproj/InfoPlist.strings; sourceTree = "<group>"; };
		BD08A1B819A26BE400EE1B97 /* Science_JournalTests.m */ = {isa = PBXFileReference; lastKnownFileType = sourcecode.c.objc; path = Science_JournalTests.m; sourceTree = "<group>"; };
		BD3FB96719A278DE002496CE /* ExportController.h */ = {isa = PBXFileReference; fileEncoding = 4; lastKnownFileType = sourcecode.c.h; path = ExportController.h; sourceTree = "<group>"; };
		BD3FB96819A278DE002496CE /* ExportController.m */ = {isa = PBXFileReference; fileEncoding = 4; lastKnownFileType = sourcecode.c.objc; path = ExportController.m; sourceTree = "<group>"; xcLanguageSpecificationIdentifier = xcode.lang.objc; };
		BD3FB96A19A278F1002496CE /* SettingsController.h */ = {isa = PBXFileReference; fileEncoding = 4; lastKnownFileType = sourcecode.c.h; path = SettingsController.h; sourceTree = "<group>"; };
		BD3FB96B19A278F1002496CE /* SettingsController.m */ = {isa = PBXFileReference; fileEncoding = 4; lastKnownFileType = sourcecode.c.objc; path = SettingsController.m; sourceTree = "<group>"; };
		BD3FB96F19A2C314002496CE /* MapKit.framework */ = {isa = PBXFileReference; lastKnownFileType = wrapper.framework; name = MapKit.framework; path = System/Library/Frameworks/MapKit.framework; sourceTree = SDKROOT; };
		BD3FB97D19A2D5EA002496CE /* EntryController.h */ = {isa = PBXFileReference; fileEncoding = 4; lastKnownFileType = sourcecode.c.h; path = EntryController.h; sourceTree = "<group>"; };
		BD3FB97E19A2D5EA002496CE /* EntryController.m */ = {isa = PBXFileReference; fileEncoding = 4; lastKnownFileType = sourcecode.c.objc; path = EntryController.m; sourceTree = "<group>"; };
		BD4BFF0419ABC92600242844 /* UserEntryDatabase.h */ = {isa = PBXFileReference; fileEncoding = 4; lastKnownFileType = sourcecode.c.h; path = UserEntryDatabase.h; sourceTree = "<group>"; };
		BD4BFF0519ABC92600242844 /* UserEntryDatabase.m */ = {isa = PBXFileReference; fileEncoding = 4; lastKnownFileType = sourcecode.c.objc; path = UserEntryDatabase.m; sourceTree = "<group>"; };
		BD4BFF0719ABC9B300242844 /* Entry.h */ = {isa = PBXFileReference; fileEncoding = 4; lastKnownFileType = sourcecode.c.h; path = Entry.h; sourceTree = "<group>"; };
		BD4BFF0819ABC9B300242844 /* Entry.m */ = {isa = PBXFileReference; fileEncoding = 4; lastKnownFileType = sourcecode.c.objc; path = Entry.m; sourceTree = "<group>"; };
		BD4BFF0A19AFCC9900242844 /* MyLocation.h */ = {isa = PBXFileReference; fileEncoding = 4; lastKnownFileType = sourcecode.c.h; path = MyLocation.h; sourceTree = "<group>"; };
		BD4BFF0B19AFCC9900242844 /* MyLocation.m */ = {isa = PBXFileReference; fileEncoding = 4; lastKnownFileType = sourcecode.c.objc; path = MyLocation.m; sourceTree = "<group>"; };
		BD4C60A81A78702300BE192F /* entriesdb.sql */ = {isa = PBXFileReference; lastKnownFileType = file; path = entriesdb.sql; sourceTree = "<group>"; };
		BD5C6E6519B681D100342E4B /* CoreLocation.framework */ = {isa = PBXFileReference; lastKnownFileType = wrapper.framework; name = CoreLocation.framework; path = System/Library/Frameworks/CoreLocation.framework; sourceTree = SDKROOT; };
		BD5C6E6719B7848E00342E4B /* SketchController.h */ = {isa = PBXFileReference; fileEncoding = 4; lastKnownFileType = sourcecode.c.h; path = SketchController.h; sourceTree = "<group>"; };
		BD5C6E6819B7848E00342E4B /* SketchController.m */ = {isa = PBXFileReference; fileEncoding = 4; lastKnownFileType = sourcecode.c.objc; path = SketchController.m; sourceTree = "<group>"; };
		BD5FD9CD1A4A07FC003CC565 /* AddEntryController.h */ = {isa = PBXFileReference; fileEncoding = 4; lastKnownFileType = sourcecode.c.h; path = AddEntryController.h; sourceTree = "<group>"; };
		BD5FD9CE1A4A07FC003CC565 /* AddEntryController.m */ = {isa = PBXFileReference; fileEncoding = 4; lastKnownFileType = sourcecode.c.objc; path = AddEntryController.m; sourceTree = "<group>"; };
		BD5FD9D01A4BA2F5003CC565 /* datepickerController.h */ = {isa = PBXFileReference; fileEncoding = 4; lastKnownFileType = sourcecode.c.h; path = datepickerController.h; sourceTree = "<group>"; };
		BD5FD9D11A4BA2F5003CC565 /* datepickerController.m */ = {isa = PBXFileReference; fileEncoding = 4; lastKnownFileType = sourcecode.c.objc; path = datepickerController.m; sourceTree = "<group>"; };
		BD5FD9D31A4BBA9B003CC565 /* textEntryController.h */ = {isa = PBXFileReference; fileEncoding = 4; lastKnownFileType = sourcecode.c.h; path = textEntryController.h; sourceTree = "<group>"; };
		BD5FD9D41A4BBA9B003CC565 /* textEntryController.m */ = {isa = PBXFileReference; fileEncoding = 4; lastKnownFileType = sourcecode.c.objc; path = textEntryController.m; sourceTree = "<group>"; };
		BD76F5C919B5001D000A1349 /* MobileCoreServices.framework */ = {isa = PBXFileReference; lastKnownFileType = wrapper.framework; name = MobileCoreServices.framework; path = System/Library/Frameworks/MobileCoreServices.framework; sourceTree = SDKROOT; };
		BD7D733A19A3E1850034E504 /* EntriesController.h */ = {isa = PBXFileReference; fileEncoding = 4; lastKnownFileType = sourcecode.c.h; path = EntriesController.h; sourceTree = "<group>"; };
		BD7D733B19A3E1850034E504 /* EntriesController.m */ = {isa = PBXFileReference; fileEncoding = 4; lastKnownFileType = sourcecode.c.objc; path = EntriesController.m; sourceTree = "<group>"; };
		BD7D733D19A3E1E30034E504 /* EntriesCell.h */ = {isa = PBXFileReference; fileEncoding = 4; lastKnownFileType = sourcecode.c.h; path = EntriesCell.h; sourceTree = "<group>"; };
		BD7D733E19A3E1E30034E504 /* EntriesCell.m */ = {isa = PBXFileReference; fileEncoding = 4; lastKnownFileType = sourcecode.c.objc; path = EntriesCell.m; sourceTree = "<group>"; };
		BD7D734019A3ED1D0034E504 /* SingleEntryViewController.h */ = {isa = PBXFileReference; fileEncoding = 4; lastKnownFileType = sourcecode.c.h; path = SingleEntryViewController.h; sourceTree = "<group>"; };
		BD7D734119A3ED1D0034E504 /* SingleEntryViewController.m */ = {isa = PBXFileReference; fileEncoding = 4; lastKnownFileType = sourcecode.c.objc; path = SingleEntryViewController.m; sourceTree = "<group>"; };
		BD91990A1A573410006E48E1 /* CameraController.h */ = {isa = PBXFileReference; fileEncoding = 4; lastKnownFileType = sourcecode.c.h; path = CameraController.h; sourceTree = "<group>"; };
		BD91990B1A573410006E48E1 /* CameraController.m */ = {isa = PBXFileReference; fileEncoding = 4; lastKnownFileType = sourcecode.c.objc; path = CameraController.m; sourceTree = "<group>"; };
		BDA0A73E1A00863100B421FB /* Dropbox.framework */ = {isa = PBXFileReference; lastKnownFileType = wrapper.framework; name = Dropbox.framework; path = "../../Downloads/dropbox-ios-sync-sdk-3.1-2.1/Dropbox.framework"; sourceTree = "<group>"; };
		BDBEB5431A607F5C00780EC2 /* MagneticDecController.h */ = {isa = PBXFileReference; fileEncoding = 4; lastKnownFileType = sourcecode.c.h; path = MagneticDecController.h; sourceTree = "<group>"; };
		BDBEB5441A607F5C00780EC2 /* MagneticDecController.m */ = {isa = PBXFileReference; fileEncoding = 4; lastKnownFileType = sourcecode.c.objc; path = MagneticDecController.m; sourceTree = "<group>"; };
		BDC835891A674E46000B60BD /* libsqlite3.dylib */ = {isa = PBXFileReference; lastKnownFileType = "compiled.mach-o.dylib"; name = libsqlite3.dylib; path = usr/lib/libsqlite3.dylib; sourceTree = SDKROOT; };
		BDC8358B1A675108000B60BD /* DBManager.h */ = {isa = PBXFileReference; fileEncoding = 4; lastKnownFileType = sourcecode.c.h; path = DBManager.h; sourceTree = "<group>"; };
		BDC8358C1A675108000B60BD /* DBManager.m */ = {isa = PBXFileReference; fileEncoding = 4; lastKnownFileType = sourcecode.c.objc; path = DBManager.m; sourceTree = "<group>"; };
		BDD74CB61A64CFC100635CBA /* TablesViewController.h */ = {isa = PBXFileReference; fileEncoding = 4; lastKnownFileType = sourcecode.c.h; path = TablesViewController.h; sourceTree = "<group>"; };
		BDD74CB71A64CFC100635CBA /* TablesViewController.m */ = {isa = PBXFileReference; fileEncoding = 4; lastKnownFileType = sourcecode.c.objc; path = TablesViewController.m; sourceTree = "<group>"; };
		BDE248A21A4DEEA500B1F97D /* LocationAndWeatherController.h */ = {isa = PBXFileReference; fileEncoding = 4; lastKnownFileType = sourcecode.c.h; path = LocationAndWeatherController.h; sourceTree = "<group>"; };
		BDE248A31A4DEEA500B1F97D /* LocationAndWeatherController.m */ = {isa = PBXFileReference; fileEncoding = 4; lastKnownFileType = sourcecode.c.objc; path = LocationAndWeatherController.m; sourceTree = "<group>"; };
		BDE8CCC51A44B3BD0013CAB9 /* DropboxSDK.framework */ = {isa = PBXFileReference; lastKnownFileType = wrapper.framework; name = DropboxSDK.framework; path = "../../Downloads/dropbox-ios-sdk-1.3-3.13/DropboxSDK.framework"; sourceTree = "<group>"; };
		BDFF53BD1A4226C10054B4FA /* MessageUI.framework */ = {isa = PBXFileReference; lastKnownFileType = wrapper.framework; name = MessageUI.framework; path = System/Library/Frameworks/MessageUI.framework; sourceTree = SDKROOT; };
/* End PBXFileReference section */

/* Begin PBXFrameworksBuildPhase section */
		BD08A18419A26BE300EE1B97 /* Frameworks */ = {
			isa = PBXFrameworksBuildPhase;
			buildActionMask = 2147483647;
			files = (
				BDC8358A1A674E46000B60BD /* libsqlite3.dylib in Frameworks */,
				BDE8CCC61A44B3BD0013CAB9 /* DropboxSDK.framework in Frameworks */,
				BDFF53BE1A4226C10054B4FA /* MessageUI.framework in Frameworks */,
				BDA0A73F1A00863100B421FB /* Dropbox.framework in Frameworks */,
				BD02064F19EC64ED005ACDD0 /* libz.dylib in Frameworks */,
				BD02064D19EC64E4005ACDD0 /* libc++.dylib in Frameworks */,
				BD02064B19EC64D2005ACDD0 /* QuartzCore.framework in Frameworks */,
				BD02064919EC64C9005ACDD0 /* SystemConfiguration.framework in Frameworks */,
				BD02064719EC64BB005ACDD0 /* Security.framework in Frameworks */,
				BD02064519EC64B3005ACDD0 /* CFNetwork.framework in Frameworks */,
				BD5C6E6619B681D100342E4B /* CoreLocation.framework in Frameworks */,
				BD76F5CA19B5001D000A1349 /* MobileCoreServices.framework in Frameworks */,
				BD3FB97019A2C314002496CE /* MapKit.framework in Frameworks */,
				BD08A18D19A26BE400EE1B97 /* CoreGraphics.framework in Frameworks */,
				BD08A18F19A26BE400EE1B97 /* UIKit.framework in Frameworks */,
				BD08A18B19A26BE400EE1B97 /* Foundation.framework in Frameworks */,
			);
			runOnlyForDeploymentPostprocessing = 0;
		};
		BD08A1A819A26BE400EE1B97 /* Frameworks */ = {
			isa = PBXFrameworksBuildPhase;
			buildActionMask = 2147483647;
			files = (
				BD08A1AD19A26BE400EE1B97 /* XCTest.framework in Frameworks */,
				BD08A1AF19A26BE400EE1B97 /* UIKit.framework in Frameworks */,
				BD08A1AE19A26BE400EE1B97 /* Foundation.framework in Frameworks */,
			);
			runOnlyForDeploymentPostprocessing = 0;
		};
/* End PBXFrameworksBuildPhase section */

/* Begin PBXGroup section */
		BD08A17E19A26BE300EE1B97 = {
			isa = PBXGroup;
			children = (
				BD08A19019A26BE400EE1B97 /* Science Journal */,
				BD08A18819A26BE400EE1B97 /* Products */,
				BD08A1B219A26BE400EE1B97 /* Science JournalTests */,
				BD08A18919A26BE400EE1B97 /* Frameworks */,
			);
			sourceTree = "<group>";
		};
		BD08A18819A26BE400EE1B97 /* Products */ = {
			isa = PBXGroup;
			children = (
				BD08A18719A26BE400EE1B97 /* Science Journal.app */,
				BD08A1AB19A26BE400EE1B97 /* Science JournalTests.xctest */,
			);
			name = Products;
			sourceTree = "<group>";
		};
		BD08A18919A26BE400EE1B97 /* Frameworks */ = {
			isa = PBXGroup;
			children = (
				BDC835891A674E46000B60BD /* libsqlite3.dylib */,
				BDE8CCC51A44B3BD0013CAB9 /* DropboxSDK.framework */,
				BDFF53BD1A4226C10054B4FA /* MessageUI.framework */,
				BDA0A73E1A00863100B421FB /* Dropbox.framework */,
				BD02064E19EC64ED005ACDD0 /* libz.dylib */,
				BD02064C19EC64E4005ACDD0 /* libc++.dylib */,
				BD02064A19EC64D2005ACDD0 /* QuartzCore.framework */,
				BD02064819EC64C9005ACDD0 /* SystemConfiguration.framework */,
				BD02064619EC64BB005ACDD0 /* Security.framework */,
				BD02064419EC64B3005ACDD0 /* CFNetwork.framework */,
				BD02064219EC647C005ACDD0 /* Dropbox.framework */,
				BD5C6E6519B681D100342E4B /* CoreLocation.framework */,
				BD76F5C919B5001D000A1349 /* MobileCoreServices.framework */,
				BD3FB96F19A2C314002496CE /* MapKit.framework */,
				BD08A18A19A26BE400EE1B97 /* Foundation.framework */,
				BD08A18C19A26BE400EE1B97 /* CoreGraphics.framework */,
				BD08A18E19A26BE400EE1B97 /* UIKit.framework */,
				BD08A1AC19A26BE400EE1B97 /* XCTest.framework */,
			);
			name = Frameworks;
			sourceTree = "<group>";
		};
		BD08A19019A26BE400EE1B97 /* Science Journal */ = {
			isa = PBXGroup;
			children = (
				BD4C60A81A78702300BE192F /* entriesdb.sql */,
				BD08A19919A26BE400EE1B97 /* AppDelegate.h */,
				BD08A19A19A26BE400EE1B97 /* AppDelegate.m */,
				BD08A19C19A26BE400EE1B97 /* Main.storyboard */,
				BD08A19F19A26BE400EE1B97 /* MapController.h */,
				BD08A1A019A26BE400EE1B97 /* MapController.m */,
				BD3FB96719A278DE002496CE /* ExportController.h */,
				BD3FB96819A278DE002496CE /* ExportController.m */,
				BD3FB96A19A278F1002496CE /* SettingsController.h */,
				BD3FB96B19A278F1002496CE /* SettingsController.m */,
				BD08A1A519A26BE400EE1B97 /* Images.xcassets */,
				BD08A19119A26BE400EE1B97 /* Supporting Files */,
				BD3FB97D19A2D5EA002496CE /* EntryController.h */,
				BD3FB97E19A2D5EA002496CE /* EntryController.m */,
				BD7D733A19A3E1850034E504 /* EntriesController.h */,
				BD7D733B19A3E1850034E504 /* EntriesController.m */,
				BD7D733D19A3E1E30034E504 /* EntriesCell.h */,
				BD7D733E19A3E1E30034E504 /* EntriesCell.m */,
				BD7D734019A3ED1D0034E504 /* SingleEntryViewController.h */,
				BD7D734119A3ED1D0034E504 /* SingleEntryViewController.m */,
				BD4BFF0419ABC92600242844 /* UserEntryDatabase.h */,
				BD4BFF0519ABC92600242844 /* UserEntryDatabase.m */,
				BD4BFF0719ABC9B300242844 /* Entry.h */,
				BD4BFF0819ABC9B300242844 /* Entry.m */,
				BD4BFF0A19AFCC9900242844 /* MyLocation.h */,
				BD4BFF0B19AFCC9900242844 /* MyLocation.m */,
				BD5C6E6719B7848E00342E4B /* SketchController.h */,
				BD5C6E6819B7848E00342E4B /* SketchController.m */,
				BD5FD9CD1A4A07FC003CC565 /* AddEntryController.h */,
				BD5FD9CE1A4A07FC003CC565 /* AddEntryController.m */,
				BD5FD9D01A4BA2F5003CC565 /* datepickerController.h */,
				BD5FD9D11A4BA2F5003CC565 /* datepickerController.m */,
				BD5FD9D31A4BBA9B003CC565 /* textEntryController.h */,
				BD5FD9D41A4BBA9B003CC565 /* textEntryController.m */,
				BDE248A21A4DEEA500B1F97D /* LocationAndWeatherController.h */,
				BDE248A31A4DEEA500B1F97D /* LocationAndWeatherController.m */,
				BD91990A1A573410006E48E1 /* CameraController.h */,
				BD91990B1A573410006E48E1 /* CameraController.m */,
				BDBEB5431A607F5C00780EC2 /* MagneticDecController.h */,
				BDBEB5441A607F5C00780EC2 /* MagneticDecController.m */,
				BDD74CB61A64CFC100635CBA /* TablesViewController.h */,
				BDD74CB71A64CFC100635CBA /* TablesViewController.m */,
				BDC8358B1A675108000B60BD /* DBManager.h */,
				BDC8358C1A675108000B60BD /* DBManager.m */,
			);
			path = "Science Journal";
			sourceTree = "<group>";
		};
		BD08A19119A26BE400EE1B97 /* Supporting Files */ = {
			isa = PBXGroup;
			children = (
				BD08A19219A26BE400EE1B97 /* Science Journal-Info.plist */,
				BD08A19319A26BE400EE1B97 /* InfoPlist.strings */,
				BD08A19619A26BE400EE1B97 /* main.m */,
				BD08A19819A26BE400EE1B97 /* Science Journal-Prefix.pch */,
			);
			name = "Supporting Files";
			sourceTree = "<group>";
		};
		BD08A1B219A26BE400EE1B97 /* Science JournalTests */ = {
			isa = PBXGroup;
			children = (
				BD08A1B819A26BE400EE1B97 /* Science_JournalTests.m */,
				BD08A1B319A26BE400EE1B97 /* Supporting Files */,
			);
			path = "Science JournalTests";
			sourceTree = "<group>";
		};
		BD08A1B319A26BE400EE1B97 /* Supporting Files */ = {
			isa = PBXGroup;
			children = (
				BD08A1B419A26BE400EE1B97 /* Science JournalTests-Info.plist */,
				BD08A1B519A26BE400EE1B97 /* InfoPlist.strings */,
			);
			name = "Supporting Files";
			sourceTree = "<group>";
		};
/* End PBXGroup section */

/* Begin PBXNativeTarget section */
		BD08A18619A26BE300EE1B97 /* Science Journal */ = {
			isa = PBXNativeTarget;
			buildConfigurationList = BD08A1BC19A26BE400EE1B97 /* Build configuration list for PBXNativeTarget "Science Journal" */;
			buildPhases = (
				BD08A18319A26BE300EE1B97 /* Sources */,
				BD08A18419A26BE300EE1B97 /* Frameworks */,
				BD08A18519A26BE300EE1B97 /* Resources */,
			);
			buildRules = (
			);
			dependencies = (
			);
			name = "Science Journal";
			productName = "Science Journal";
			productReference = BD08A18719A26BE400EE1B97 /* Science Journal.app */;
			productType = "com.apple.product-type.application";
		};
		BD08A1AA19A26BE400EE1B97 /* Science JournalTests */ = {
			isa = PBXNativeTarget;
			buildConfigurationList = BD08A1BF19A26BE400EE1B97 /* Build configuration list for PBXNativeTarget "Science JournalTests" */;
			buildPhases = (
				BD08A1A719A26BE400EE1B97 /* Sources */,
				BD08A1A819A26BE400EE1B97 /* Frameworks */,
				BD08A1A919A26BE400EE1B97 /* Resources */,
			);
			buildRules = (
			);
			dependencies = (
				BD08A1B119A26BE400EE1B97 /* PBXTargetDependency */,
			);
			name = "Science JournalTests";
			productName = "Science JournalTests";
			productReference = BD08A1AB19A26BE400EE1B97 /* Science JournalTests.xctest */;
			productType = "com.apple.product-type.bundle.unit-test";
		};
/* End PBXNativeTarget section */

/* Begin PBXProject section */
		BD08A17F19A26BE300EE1B97 /* Project object */ = {
			isa = PBXProject;
			attributes = {
				LastUpgradeCheck = 0510;
				ORGANIZATIONNAME = "___FULLUSERNAME___";
				TargetAttributes = {
					BD08A1AA19A26BE400EE1B97 = {
						TestTargetID = BD08A18619A26BE300EE1B97;
					};
				};
			};
			buildConfigurationList = BD08A18219A26BE300EE1B97 /* Build configuration list for PBXProject "Science Journal" */;
			compatibilityVersion = "Xcode 3.2";
			developmentRegion = English;
			hasScannedForEncodings = 0;
			knownRegions = (
				en,
				Base,
			);
			mainGroup = BD08A17E19A26BE300EE1B97;
			productRefGroup = BD08A18819A26BE400EE1B97 /* Products */;
			projectDirPath = "";
			projectRoot = "";
			targets = (
				BD08A18619A26BE300EE1B97 /* Science Journal */,
				BD08A1AA19A26BE400EE1B97 /* Science JournalTests */,
			);
		};
/* End PBXProject section */

/* Begin PBXResourcesBuildPhase section */
		BD08A18519A26BE300EE1B97 /* Resources */ = {
			isa = PBXResourcesBuildPhase;
			buildActionMask = 2147483647;
			files = (
				BD08A1A619A26BE400EE1B97 /* Images.xcassets in Resources */,
				BD08A19519A26BE400EE1B97 /* InfoPlist.strings in Resources */,
				BD08A19E19A26BE400EE1B97 /* Main.storyboard in Resources */,
				BD4C60A91A78702300BE192F /* entriesdb.sql in Resources */,
			);
			runOnlyForDeploymentPostprocessing = 0;
		};
		BD08A1A919A26BE400EE1B97 /* Resources */ = {
			isa = PBXResourcesBuildPhase;
			buildActionMask = 2147483647;
			files = (
				BD08A1B719A26BE400EE1B97 /* InfoPlist.strings in Resources */,
			);
			runOnlyForDeploymentPostprocessing = 0;
		};
/* End PBXResourcesBuildPhase section */

/* Begin PBXSourcesBuildPhase section */
		BD08A18319A26BE300EE1B97 /* Sources */ = {
			isa = PBXSourcesBuildPhase;
			buildActionMask = 2147483647;
			files = (
				BDC8358D1A675108000B60BD /* DBManager.m in Sources */,
				BDD74CB81A64CFC100635CBA /* TablesViewController.m in Sources */,
				BD3FB96C19A278F1002496CE /* SettingsController.m in Sources */,
				BD08A19B19A26BE400EE1B97 /* AppDelegate.m in Sources */,
				BD7D733F19A3E1E30034E504 /* EntriesCell.m in Sources */,
				BD4BFF0919ABC9B300242844 /* Entry.m in Sources */,
				BD7D734219A3ED1D0034E504 /* SingleEntryViewController.m in Sources */,
				BD5FD9D51A4BBA9B003CC565 /* textEntryController.m in Sources */,
				BDBEB5451A607F5C00780EC2 /* MagneticDecController.m in Sources */,
				BD08A1A119A26BE400EE1B97 /* MapController.m in Sources */,
				BD91990C1A573410006E48E1 /* CameraController.m in Sources */,
				BD3FB97F19A2D5EA002496CE /* EntryController.m in Sources */,
				BD7D733C19A3E1850034E504 /* EntriesController.m in Sources */,
				BD3FB96919A278DE002496CE /* ExportController.m in Sources */,
				BD4BFF0619ABC92600242844 /* UserEntryDatabase.m in Sources */,
				BD5C6E6919B7848E00342E4B /* SketchController.m in Sources */,
				BDE248A41A4DEEA500B1F97D /* LocationAndWeatherController.m in Sources */,
				BD4BFF0C19AFCC9900242844 /* MyLocation.m in Sources */,
				BD5FD9CF1A4A07FC003CC565 /* AddEntryController.m in Sources */,
				BD08A19719A26BE400EE1B97 /* main.m in Sources */,
				BD5FD9D21A4BA2F5003CC565 /* datepickerController.m in Sources */,
			);
			runOnlyForDeploymentPostprocessing = 0;
		};
		BD08A1A719A26BE400EE1B97 /* Sources */ = {
			isa = PBXSourcesBuildPhase;
			buildActionMask = 2147483647;
			files = (
				BD08A1B919A26BE400EE1B97 /* Science_JournalTests.m in Sources */,
			);
			runOnlyForDeploymentPostprocessing = 0;
		};
/* End PBXSourcesBuildPhase section */

/* Begin PBXTargetDependency section */
		BD08A1B119A26BE400EE1B97 /* PBXTargetDependency */ = {
			isa = PBXTargetDependency;
			target = BD08A18619A26BE300EE1B97 /* Science Journal */;
			targetProxy = BD08A1B019A26BE400EE1B97 /* PBXContainerItemProxy */;
		};
/* End PBXTargetDependency section */

/* Begin PBXVariantGroup section */
		BD08A19319A26BE400EE1B97 /* InfoPlist.strings */ = {
			isa = PBXVariantGroup;
			children = (
				BD08A19419A26BE400EE1B97 /* en */,
			);
			name = InfoPlist.strings;
			sourceTree = "<group>";
		};
		BD08A19C19A26BE400EE1B97 /* Main.storyboard */ = {
			isa = PBXVariantGroup;
			children = (
				BD08A19D19A26BE400EE1B97 /* Base */,
			);
			name = Main.storyboard;
			sourceTree = "<group>";
		};
		BD08A1B519A26BE400EE1B97 /* InfoPlist.strings */ = {
			isa = PBXVariantGroup;
			children = (
				BD08A1B619A26BE400EE1B97 /* en */,
			);
			name = InfoPlist.strings;
			sourceTree = "<group>";
		};
/* End PBXVariantGroup section */

/* Begin XCBuildConfiguration section */
		BD08A1BA19A26BE400EE1B97 /* Debug */ = {
			isa = XCBuildConfiguration;
			buildSettings = {
				ALWAYS_SEARCH_USER_PATHS = NO;
				CLANG_CXX_LANGUAGE_STANDARD = "gnu++0x";
				CLANG_CXX_LIBRARY = "libc++";
				CLANG_ENABLE_MODULES = YES;
				CLANG_ENABLE_OBJC_ARC = YES;
				CLANG_WARN_BOOL_CONVERSION = YES;
				CLANG_WARN_CONSTANT_CONVERSION = YES;
				CLANG_WARN_DIRECT_OBJC_ISA_USAGE = YES_ERROR;
				CLANG_WARN_EMPTY_BODY = YES;
				CLANG_WARN_ENUM_CONVERSION = YES;
				CLANG_WARN_INT_CONVERSION = YES;
				CLANG_WARN_OBJC_ROOT_CLASS = YES_ERROR;
				CLANG_WARN__DUPLICATE_METHOD_MATCH = YES;
				"CODE_SIGN_IDENTITY[sdk=iphoneos*]" = "iPhone Developer";
				COPY_PHASE_STRIP = NO;
				GCC_C_LANGUAGE_STANDARD = gnu99;
				GCC_DYNAMIC_NO_PIC = NO;
				GCC_OPTIMIZATION_LEVEL = 0;
				GCC_PREPROCESSOR_DEFINITIONS = (
					"DEBUG=1",
					"$(inherited)",
				);
				GCC_SYMBOLS_PRIVATE_EXTERN = NO;
				GCC_WARN_64_TO_32_BIT_CONVERSION = YES;
				GCC_WARN_ABOUT_RETURN_TYPE = YES_ERROR;
				GCC_WARN_UNDECLARED_SELECTOR = YES;
				GCC_WARN_UNINITIALIZED_AUTOS = YES_AGGRESSIVE;
				GCC_WARN_UNUSED_FUNCTION = YES;
				GCC_WARN_UNUSED_VARIABLE = YES;
				IPHONEOS_DEPLOYMENT_TARGET = 7.1;
				ONLY_ACTIVE_ARCH = YES;
				SDKROOT = iphoneos;
			};
			name = Debug;
		};
		BD08A1BB19A26BE400EE1B97 /* Release */ = {
			isa = XCBuildConfiguration;
			buildSettings = {
				ALWAYS_SEARCH_USER_PATHS = NO;
				CLANG_CXX_LANGUAGE_STANDARD = "gnu++0x";
				CLANG_CXX_LIBRARY = "libc++";
				CLANG_ENABLE_MODULES = YES;
				CLANG_ENABLE_OBJC_ARC = YES;
				CLANG_WARN_BOOL_CONVERSION = YES;
				CLANG_WARN_CONSTANT_CONVERSION = YES;
				CLANG_WARN_DIRECT_OBJC_ISA_USAGE = YES_ERROR;
				CLANG_WARN_EMPTY_BODY = YES;
				CLANG_WARN_ENUM_CONVERSION = YES;
				CLANG_WARN_INT_CONVERSION = YES;
				CLANG_WARN_OBJC_ROOT_CLASS = YES_ERROR;
				CLANG_WARN__DUPLICATE_METHOD_MATCH = YES;
				"CODE_SIGN_IDENTITY[sdk=iphoneos*]" = "iPhone Developer";
				COPY_PHASE_STRIP = YES;
				ENABLE_NS_ASSERTIONS = NO;
				GCC_C_LANGUAGE_STANDARD = gnu99;
				GCC_WARN_64_TO_32_BIT_CONVERSION = YES;
				GCC_WARN_ABOUT_RETURN_TYPE = YES_ERROR;
				GCC_WARN_UNDECLARED_SELECTOR = YES;
				GCC_WARN_UNINITIALIZED_AUTOS = YES_AGGRESSIVE;
				GCC_WARN_UNUSED_FUNCTION = YES;
				GCC_WARN_UNUSED_VARIABLE = YES;
				IPHONEOS_DEPLOYMENT_TARGET = 7.1;
				SDKROOT = iphoneos;
				VALIDATE_PRODUCT = YES;
			};
			name = Release;
		};
		BD08A1BD19A26BE400EE1B97 /* Debug */ = {
			isa = XCBuildConfiguration;
			buildSettings = {
				ASSETCATALOG_COMPILER_APPICON_NAME = AppIcon;
				ASSETCATALOG_COMPILER_LAUNCHIMAGE_NAME = LaunchImage;
				FRAMEWORK_SEARCH_PATHS = (
					"$(inherited)",
					"$(PROJECT_DIR)",
					"/Users/evanteague/Downloads/dropbox-ios-sync-sdk-3.1-2.1",
					"/Users/evanteague/Downloads/dropbox-ios-sdk-1.3-3.13",
				);
				GCC_PRECOMPILE_PREFIX_HEADER = YES;
				GCC_PREFIX_HEADER = "Science Journal/Science Journal-Prefix.pch";
				INFOPLIST_FILE = "Science Journal/Science Journal-Info.plist";
				PRODUCT_NAME = "$(TARGET_NAME)";
				WRAPPER_EXTENSION = app;
			};
			name = Debug;
		};
		BD08A1BE19A26BE400EE1B97 /* Release */ = {
			isa = XCBuildConfiguration;
			buildSettings = {
				ASSETCATALOG_COMPILER_APPICON_NAME = AppIcon;
				ASSETCATALOG_COMPILER_LAUNCHIMAGE_NAME = LaunchImage;
				FRAMEWORK_SEARCH_PATHS = (
					"$(inherited)",
					"$(PROJECT_DIR)",
					"/Users/evanteague/Downloads/dropbox-ios-sync-sdk-3.1-2.1",
					"/Users/evanteague/Downloads/dropbox-ios-sdk-1.3-3.13",
				);
				GCC_PRECOMPILE_PREFIX_HEADER = YES;
				GCC_PREFIX_HEADER = "Science Journal/Science Journal-Prefix.pch";
				INFOPLIST_FILE = "Science Journal/Science Journal-Info.plist";
				PRODUCT_NAME = "$(TARGET_NAME)";
				WRAPPER_EXTENSION = app;
			};
			name = Release;
		};
		BD08A1C019A26BE400EE1B97 /* Debug */ = {
			isa = XCBuildConfiguration;
			buildSettings = {
				BUNDLE_LOADER = "$(BUILT_PRODUCTS_DIR)/Science Journal.app/Science Journal";
				FRAMEWORK_SEARCH_PATHS = (
					"$(SDKROOT)/Developer/Library/Frameworks",
					"$(inherited)",
					"$(DEVELOPER_FRAMEWORKS_DIR)",
				);
				GCC_PRECOMPILE_PREFIX_HEADER = YES;
				GCC_PREFIX_HEADER = "Science Journal/Science Journal-Prefix.pch";
				GCC_PREPROCESSOR_DEFINITIONS = (
					"DEBUG=1",
					"$(inherited)",
				);
				INFOPLIST_FILE = "Science JournalTests/Science JournalTests-Info.plist";
				PRODUCT_NAME = "$(TARGET_NAME)";
				TEST_HOST = "$(BUNDLE_LOADER)";
				WRAPPER_EXTENSION = xctest;
			};
			name = Debug;
		};
		BD08A1C119A26BE400EE1B97 /* Release */ = {
			isa = XCBuildConfiguration;
			buildSettings = {
				BUNDLE_LOADER = "$(BUILT_PRODUCTS_DIR)/Science Journal.app/Science Journal";
				FRAMEWORK_SEARCH_PATHS = (
					"$(SDKROOT)/Developer/Library/Frameworks",
					"$(inherited)",
					"$(DEVELOPER_FRAMEWORKS_DIR)",
				);
				GCC_PRECOMPILE_PREFIX_HEADER = YES;
				GCC_PREFIX_HEADER = "Science Journal/Science Journal-Prefix.pch";
				INFOPLIST_FILE = "Science JournalTests/Science JournalTests-Info.plist";
				PRODUCT_NAME = "$(TARGET_NAME)";
				TEST_HOST = "$(BUNDLE_LOADER)";
				WRAPPER_EXTENSION = xctest;
			};
			name = Release;
		};
/* End XCBuildConfiguration section */

/* Begin XCConfigurationList section */
		BD08A18219A26BE300EE1B97 /* Build configuration list for PBXProject "Science Journal" */ = {
			isa = XCConfigurationList;
			buildConfigurations = (
				BD08A1BA19A26BE400EE1B97 /* Debug */,
				BD08A1BB19A26BE400EE1B97 /* Release */,
			);
			defaultConfigurationIsVisible = 0;
			defaultConfigurationName = Release;
		};
		BD08A1BC19A26BE400EE1B97 /* Build configuration list for PBXNativeTarget "Science Journal" */ = {
			isa = XCConfigurationList;
			buildConfigurations = (
				BD08A1BD19A26BE400EE1B97 /* Debug */,
				BD08A1BE19A26BE400EE1B97 /* Release */,
			);
			defaultConfigurationIsVisible = 0;
			defaultConfigurationName = Release;
		};
		BD08A1BF19A26BE400EE1B97 /* Build configuration list for PBXNativeTarget "Science JournalTests" */ = {
			isa = XCConfigurationList;
			buildConfigurations = (
				BD08A1C019A26BE400EE1B97 /* Debug */,
				BD08A1C119A26BE400EE1B97 /* Release */,
			);
			defaultConfigurationIsVisible = 0;
			defaultConfigurationName = Release;
		};
/* End XCConfigurationList section */
	};
	rootObject = BD08A17F19A26BE300EE1B97 /* Project object */;
}
